
Microsoft Visual Studio Solution File, Format Version 12.00
# Visual Studio Version 17
VisualStudioVersion = 17.7.34031.279
MinimumVisualStudioVersion = 10.0.40219.1
Project("{FAE04EC0-301F-11D3-BF4B-00C04F79EFBC}") = "Tema2-FormatoTexto", "Tema2-FormatoTexto.csproj", "{8121D8E6-5A3A-4E84-9B97-035786F4B535}"
EndProject
Global
	GlobalSection(SolutionConfigurationPlatforms) = preSolution
		Debug|Any CPU = Debug|Any CPU
		Release|Any CPU = Release|Any CPU
	EndGlobalSection
	GlobalSection(ProjectConfigurationPlatforms) = postSolution
		{8121D8E6-5A3A-4E84-9B97-035786F4B535}.Debug|Any CPU.ActiveCfg = Debug|Any CPU
		{8121D8E6-5A3A-4E84-9B97-035786F4B535}.Debug|Any CPU.Build.0 = Debug|Any CPU
		{8121D8E6-5A3A-4E84-9B97-035786F4B535}.Release|Any CPU.ActiveCfg = Release|Any CPU
		{8121D8E6-5A3A-4E84-9B97-035786F4B535}.Release|Any CPU.Build.0 = Release|Any CPU
	EndGlobalSection
	GlobalSection(SolutionProperties) = preSolution
		HideSolutionNode = FALSE
	EndGlobalSection
	GlobalSection(ExtensibilityGlobals) = postSolution
		SolutionGuid = {BCB0BD07-CC61-4AF7-9494-23E3BE441D1C}
	EndGlobalSection
EndGlobal
